{
  "nodes": {
    "nixpkgs": {
      "locked": {
        "lastModified": 1789542786,
        "narHash": "sha256-ajQuqcxnj6RYnwCjA/9FTCnrdR2+BDzstE8UembXf60=",
        "rev": "4c7870105e7f1fdf9c48688c8d7efc21abf0688a",
        "revCount": 1014195,
        "type": "tarball",
        "url": "https://api.flakehub.com/f/pinned/NixOS/nixpkgs/0.2605.1014195%2Brev-4c7870105e7f1fdf9c48688c8d7efc21abf0688a/01a0ade2-97ae-79b0-bb7a-8ef10860988d/source.tar.gz"
      },
      "original": {
        "type": "tarball",
        "url": "https://flakehub.com/f/NixOS/nixpkgs/0.2605"
      }
    },
    "root": {
      "inputs": {
        "nixpkgs": "nixpkgs"
      }
    }
  },
  "root": "root",
  "version": 7
}
